
Microsoft Visual Studio Solution File, Format Version 12.00
# Visual Studio Version 17
VisualStudioVersion = 17.4.33103.184
MinimumVisualStudioVersion = 10.0.40219.1
Project("{9A19103F-16F7-4668-BE54-9A1E7A4F7556}") = "BepinBlock", "BepinBlock\BepinBlock.csproj", "{FC4F373C-5751-44D4-9B9F-7648626160EA}"
EndProject
Project("{FAE04EC0-301F-11D3-BF4B-00C04F79EFBC}") = "BepinBlock.DisableSample", "BepinBlock.DisableSample\BepinBlock.DisableSample.csproj", "{AC8E77B7-7F39-4CDD-8AC1-012C1F933130}"
EndProject
Global
	GlobalSection(SolutionConfigurationPlatforms) = preSolution
		Debug|Any CPU = Debug|Any CPU
		Release|Any CPU = Release|Any CPU
	EndGlobalSection
	GlobalSection(ProjectConfigurationPlatforms) = postSolution
		{FC4F373C-5751-44D4-9B9F-7648626160EA}.Debug|Any CPU.ActiveCfg = Debug|Any CPU
		{FC4F373C-5751-44D4-9B9F-7648626160EA}.Debug|Any CPU.Build.0 = Debug|Any CPU
		{FC4F373C-5751-44D4-9B9F-7648626160EA}.Release|Any CPU.ActiveCfg = Release|Any CPU
		{FC4F373C-5751-44D4-9B9F-7648626160EA}.Release|Any CPU.Build.0 = Release|Any CPU
		{AC8E77B7-7F39-4CDD-8AC1-012C1F933130}.Debug|Any CPU.ActiveCfg = Debug|Any CPU
		{AC8E77B7-7F39-4CDD-8AC1-012C1F933130}.Debug|Any CPU.Build.0 = Debug|Any CPU
		{AC8E77B7-7F39-4CDD-8AC1-012C1F933130}.Release|Any CPU.ActiveCfg = Release|Any CPU
		{AC8E77B7-7F39-4CDD-8AC1-012C1F933130}.Release|Any CPU.Build.0 = Release|Any CPU
	EndGlobalSection
	GlobalSection(SolutionProperties) = preSolution
		HideSolutionNode = FALSE
	EndGlobalSection
	GlobalSection(ExtensibilityGlobals) = postSolution
		SolutionGuid = {E80FFEDD-15CC-43CF-AE22-39F05D92DC5B}
	EndGlobalSection
EndGlobal
